
Microsoft Visual Studio Solution File, Format Version 12.00
# Visual Studio Version 16
VisualStudioVersion = 25.0.1704.3
MinimumVisualStudioVersion = 10.0.40219.1
Project("{FAE04EC0-301F-11D3-BF4B-00C04F79EFBC}") = "HealthyFoodWeb", "HealthyFoodWeb.csproj", "{BAB174A3-0BDA-4377-A983-9B17C6484903}"
EndProject
Project("{FAE04EC0-301F-11D3-BF4B-00C04F79EFBC}") = "Data.Interface", "..\Data.Interface\Data.Interface.csproj", "{44E3EE8A-DE67-40CB-95F5-CE3FBD5A18A0}"
EndProject
Project("{FAE04EC0-301F-11D3-BF4B-00C04F79EFBC}") = "Data.Fake", "..\Data.Fake\Data.Fake.csproj", "{2D882252-88E7-4386-B6E9-1BFDFDD57532}"
EndProject
Global
	GlobalSection(SolutionConfigurationPlatforms) = preSolution
		Debug|Any CPU = Debug|Any CPU
		Release|Any CPU = Release|Any CPU
	EndGlobalSection
	GlobalSection(ProjectConfigurationPlatforms) = postSolution
		{BAB174A3-0BDA-4377-A983-9B17C6484903}.Debug|Any CPU.ActiveCfg = Debug|Any CPU
		{BAB174A3-0BDA-4377-A983-9B17C6484903}.Debug|Any CPU.Build.0 = Debug|Any CPU
		{BAB174A3-0BDA-4377-A983-9B17C6484903}.Release|Any CPU.ActiveCfg = Release|Any CPU
		{BAB174A3-0BDA-4377-A983-9B17C6484903}.Release|Any CPU.Build.0 = Release|Any CPU
		{44E3EE8A-DE67-40CB-95F5-CE3FBD5A18A0}.Debug|Any CPU.ActiveCfg = Debug|Any CPU
		{44E3EE8A-DE67-40CB-95F5-CE3FBD5A18A0}.Debug|Any CPU.Build.0 = Debug|Any CPU
		{44E3EE8A-DE67-40CB-95F5-CE3FBD5A18A0}.Release|Any CPU.ActiveCfg = Release|Any CPU
		{44E3EE8A-DE67-40CB-95F5-CE3FBD5A18A0}.Release|Any CPU.Build.0 = Release|Any CPU
		{2D882252-88E7-4386-B6E9-1BFDFDD57532}.Debug|Any CPU.ActiveCfg = Debug|Any CPU
		{2D882252-88E7-4386-B6E9-1BFDFDD57532}.Debug|Any CPU.Build.0 = Debug|Any CPU
		{2D882252-88E7-4386-B6E9-1BFDFDD57532}.Release|Any CPU.ActiveCfg = Release|Any CPU
		{2D882252-88E7-4386-B6E9-1BFDFDD57532}.Release|Any CPU.Build.0 = Release|Any CPU
	EndGlobalSection
	GlobalSection(SolutionProperties) = preSolution
		HideSolutionNode = FALSE
	EndGlobalSection
	GlobalSection(ExtensibilityGlobals) = postSolution
		SolutionGuid = {0FE77ED3-ED62-4101-BF88-877675C5844A}
	EndGlobalSection
EndGlobal
