
Microsoft Visual Studio Solution File, Format Version 12.00
# Visual Studio Version 17
VisualStudioVersion = 17.4.33403.182
MinimumVisualStudioVersion = 10.0.40219.1
Project("{FAE04EC0-301F-11D3-BF4B-00C04F79EFBC}") = "Les.2(Slava)", "Les.2(Slava)\Les.2(Slava).csproj", "{8A04589C-2882-468A-904A-19BADEAC090D}"
EndProject
Global
	GlobalSection(SolutionConfigurationPlatforms) = preSolution
		Debug|Any CPU = Debug|Any CPU
		Release|Any CPU = Release|Any CPU
	EndGlobalSection
	GlobalSection(ProjectConfigurationPlatforms) = postSolution
		{8A04589C-2882-468A-904A-19BADEAC090D}.Debug|Any CPU.ActiveCfg = Debug|Any CPU
		{8A04589C-2882-468A-904A-19BADEAC090D}.Debug|Any CPU.Build.0 = Debug|Any CPU
		{8A04589C-2882-468A-904A-19BADEAC090D}.Release|Any CPU.ActiveCfg = Release|Any CPU
		{8A04589C-2882-468A-904A-19BADEAC090D}.Release|Any CPU.Build.0 = Release|Any CPU
	EndGlobalSection
	GlobalSection(SolutionProperties) = preSolution
		HideSolutionNode = FALSE
	EndGlobalSection
	GlobalSection(ExtensibilityGlobals) = postSolution
		SolutionGuid = {CF018465-7C76-4C84-ABFD-35F6054E26B2}
	EndGlobalSection
EndGlobal
