
Microsoft Visual Studio Solution File, Format Version 12.00
# Visual Studio Version 16
VisualStudioVersion = 25.0.1705.3
MinimumVisualStudioVersion = 10.0.40219.1
Project("{FAE04EC0-301F-11D3-BF4B-00C04F79EFBC}") = "Data.Sql", "Data.Sql.csproj", "{16A9D665-F5E7-43B0-9AD9-22D18CF3105E}"
EndProject
Project("{FAE04EC0-301F-11D3-BF4B-00C04F79EFBC}") = "HealthyFoodWeb", "..\HealthyFoodWeb\HealthyFoodWeb.csproj", "{9FC48222-5071-47DC-AD39-1FB2784C285A}"
EndProject
Project("{FAE04EC0-301F-11D3-BF4B-00C04F79EFBC}") = "Data.Interface", "..\Data.Interface\Data.Interface.csproj", "{B29C61FE-640A-406E-93F5-77F36FF20401}"
EndProject
Project("{FAE04EC0-301F-11D3-BF4B-00C04F79EFBC}") = "Data.Fake", "..\Data.Fake\Data.Fake.csproj", "{83BCA1D3-2AAB-4B11-8E8D-5D69BDD916A6}"
EndProject
Global
	GlobalSection(SolutionConfigurationPlatforms) = preSolution
		Debug|Any CPU = Debug|Any CPU
		Release|Any CPU = Release|Any CPU
	EndGlobalSection
	GlobalSection(ProjectConfigurationPlatforms) = postSolution
		{16A9D665-F5E7-43B0-9AD9-22D18CF3105E}.Debug|Any CPU.ActiveCfg = Debug|Any CPU
		{16A9D665-F5E7-43B0-9AD9-22D18CF3105E}.Debug|Any CPU.Build.0 = Debug|Any CPU
		{16A9D665-F5E7-43B0-9AD9-22D18CF3105E}.Release|Any CPU.ActiveCfg = Release|Any CPU
		{16A9D665-F5E7-43B0-9AD9-22D18CF3105E}.Release|Any CPU.Build.0 = Release|Any CPU
		{9FC48222-5071-47DC-AD39-1FB2784C285A}.Debug|Any CPU.ActiveCfg = Debug|Any CPU
		{9FC48222-5071-47DC-AD39-1FB2784C285A}.Debug|Any CPU.Build.0 = Debug|Any CPU
		{9FC48222-5071-47DC-AD39-1FB2784C285A}.Release|Any CPU.ActiveCfg = Release|Any CPU
		{9FC48222-5071-47DC-AD39-1FB2784C285A}.Release|Any CPU.Build.0 = Release|Any CPU
		{B29C61FE-640A-406E-93F5-77F36FF20401}.Debug|Any CPU.ActiveCfg = Debug|Any CPU
		{B29C61FE-640A-406E-93F5-77F36FF20401}.Debug|Any CPU.Build.0 = Debug|Any CPU
		{B29C61FE-640A-406E-93F5-77F36FF20401}.Release|Any CPU.ActiveCfg = Release|Any CPU
		{B29C61FE-640A-406E-93F5-77F36FF20401}.Release|Any CPU.Build.0 = Release|Any CPU
		{83BCA1D3-2AAB-4B11-8E8D-5D69BDD916A6}.Debug|Any CPU.ActiveCfg = Debug|Any CPU
		{83BCA1D3-2AAB-4B11-8E8D-5D69BDD916A6}.Debug|Any CPU.Build.0 = Debug|Any CPU
		{83BCA1D3-2AAB-4B11-8E8D-5D69BDD916A6}.Release|Any CPU.ActiveCfg = Release|Any CPU
		{83BCA1D3-2AAB-4B11-8E8D-5D69BDD916A6}.Release|Any CPU.Build.0 = Release|Any CPU
	EndGlobalSection
	GlobalSection(SolutionProperties) = preSolution
		HideSolutionNode = FALSE
	EndGlobalSection
	GlobalSection(ExtensibilityGlobals) = postSolution
		SolutionGuid = {73CD4715-E584-4037-A1DA-F4E6CBECC780}
	EndGlobalSection
EndGlobal
