
Microsoft Visual Studio Solution File, Format Version 12.00
# Visual Studio Version 17
VisualStudioVersion = 17.1.32210.238
MinimumVisualStudioVersion = 10.0.40219.1
Project("{FAE04EC0-301F-11D3-BF4B-00C04F79EFBC}") = "Test", "Test\Test.csproj", "{20C0A081-6CE8-44C3-8555-88856FE83462}"
EndProject
Global
	GlobalSection(SolutionConfigurationPlatforms) = preSolution
		Debug|Any CPU = Debug|Any CPU
		Release|Any CPU = Release|Any CPU
	EndGlobalSection
	GlobalSection(ProjectConfigurationPlatforms) = postSolution
		{20C0A081-6CE8-44C3-8555-88856FE83462}.Debug|Any CPU.ActiveCfg = Debug|Any CPU
		{20C0A081-6CE8-44C3-8555-88856FE83462}.Debug|Any CPU.Build.0 = Debug|Any CPU
		{20C0A081-6CE8-44C3-8555-88856FE83462}.Release|Any CPU.ActiveCfg = Release|Any CPU
		{20C0A081-6CE8-44C3-8555-88856FE83462}.Release|Any CPU.Build.0 = Release|Any CPU
	EndGlobalSection
	GlobalSection(SolutionProperties) = preSolution
		HideSolutionNode = FALSE
	EndGlobalSection
	GlobalSection(ExtensibilityGlobals) = postSolution
		SolutionGuid = {851472B4-0E2D-4607-A05B-8E21C2729686}
	EndGlobalSection
EndGlobal
