
Microsoft Visual Studio Solution File, Format Version 12.00
# Visual Studio Version 17
VisualStudioVersion = 17.1.32210.238
MinimumVisualStudioVersion = 10.0.40219.1
Project("{FAE04EC0-301F-11D3-BF4B-00C04F79EFBC}") = "Guess_the_number", "Guess_the_number\Guess_the_number.csproj", "{92E96A48-F8CF-4DE0-9DEF-B034EC253CFD}"
EndProject
Global
	GlobalSection(SolutionConfigurationPlatforms) = preSolution
		Debug|Any CPU = Debug|Any CPU
		Release|Any CPU = Release|Any CPU
	EndGlobalSection
	GlobalSection(ProjectConfigurationPlatforms) = postSolution
		{92E96A48-F8CF-4DE0-9DEF-B034EC253CFD}.Debug|Any CPU.ActiveCfg = Debug|Any CPU
		{92E96A48-F8CF-4DE0-9DEF-B034EC253CFD}.Debug|Any CPU.Build.0 = Debug|Any CPU
		{92E96A48-F8CF-4DE0-9DEF-B034EC253CFD}.Release|Any CPU.ActiveCfg = Release|Any CPU
		{92E96A48-F8CF-4DE0-9DEF-B034EC253CFD}.Release|Any CPU.Build.0 = Release|Any CPU
	EndGlobalSection
	GlobalSection(SolutionProperties) = preSolution
		HideSolutionNode = FALSE
	EndGlobalSection
	GlobalSection(ExtensibilityGlobals) = postSolution
		SolutionGuid = {F0DE38C1-9188-42BB-BDDA-440C711CEFCB}
	EndGlobalSection
EndGlobal
